
Microsoft Visual Studio Solution File, Format Version 12.00
Project("{2150E333-8FDC-42A3-9474-1A3956D46DE8}") = "src", "src", "{378D0B74-BDAD-4357-8BB1-66AFE219838A}"
EndProject
Project("{2150E333-8FDC-42A3-9474-1A3956D46DE8}") = "test", "test", "{C4F08399-7B34-4A58-A180-156B80F8B1F6}"
EndProject
Project("{2150E333-8FDC-42A3-9474-1A3956D46DE8}") = "ShadowEngine", "ShadowEngine", "{2979966D-3828-41A3-929D-FE0B01AC6D70}"
EndProject
Project("{2150E333-8FDC-42A3-9474-1A3956D46DE8}") = "ShadowEngine", "ShadowEngine", "{57E87BEA-A622-4BC6-B777-A0CAFE3B8D94}"
EndProject
Project("{2150E333-8FDC-42A3-9474-1A3956D46DE8}") = "SourceVis", "SourceVis", "{CBC31C5E-631F-4824-839D-FCE5B3DEBD8A}"
EndProject
Project("{2150E333-8FDC-42A3-9474-1A3956D46DE8}") = "SourceVis", "SourceVis", "{DF0BEC24-7A63-470E-8CC9-E8A7B6763084}"
EndProject
Project("{FAE04EC0-301F-11D3-BF4B-00C04F79EFBC}") = "ShadowEngine.Core", "src\ShadowEngine\ShadowEngine.Core\ShadowEngine.Core.csproj", "{C41668E5-D134-4D04-B2A0-36519CCEDB9D}"
EndProject
Project("{FAE04EC0-301F-11D3-BF4B-00C04F79EFBC}") = "SourceVis.Spec", "test\SourceVis\SourceVis.Spec\SourceVis.Spec.csproj", "{594539B9-28AF-49D1-B5CC-238DA0B95763}"
EndProject
Project("{FAE04EC0-301F-11D3-BF4B-00C04F79EFBC}") = "SourceVis.Unit", "test\SourceVis\SourceVis.Unit\SourceVis.Unit.csproj", "{16B71376-95F8-4A4C-86EF-FAFD0F7F30A1}"
EndProject
Project("{FAE04EC0-301F-11D3-BF4B-00C04F79EFBC}") = "ShadowEngine.Gui", "src\ShadowEngine\ShadowEngine.Gui\ShadowEngine.Gui.csproj", "{B300B236-92C2-4AC6-8F67-E76399FF0A1A}"
EndProject
Project("{FAE04EC0-301F-11D3-BF4B-00C04F79EFBC}") = "SourceVis.Core", "src\SourceVis\SourceVis.Core\SourceVis.Core.csproj", "{B85DFD9F-50BE-4375-9DCB-222F1EC0293F}"
EndProject
Project("{FAE04EC0-301F-11D3-BF4B-00C04F79EFBC}") = "ShadowEngine.Spec", "test\ShadowEngine\ShadowEngine.Spec\ShadowEngine.Spec.csproj", "{1C21D60E-9E34-4241-8396-85995DC0869F}"
EndProject
Project("{FAE04EC0-301F-11D3-BF4B-00C04F79EFBC}") = "ShadowEngine.Unit", "test\ShadowEngine\ShadowEngine.Unit\ShadowEngine.Unit.csproj", "{4BB0EE14-DB47-4771-8843-1C3621D8FCEC}"
EndProject
Global
	GlobalSection(SolutionConfigurationPlatforms) = preSolution
		Debug|Any CPU = Debug|Any CPU
		Release|Any CPU = Release|Any CPU
	EndGlobalSection
	GlobalSection(ProjectConfigurationPlatforms) = postSolution
		{C41668E5-D134-4D04-B2A0-36519CCEDB9D}.Debug|Any CPU.ActiveCfg = Debug|Any CPU
		{C41668E5-D134-4D04-B2A0-36519CCEDB9D}.Debug|Any CPU.Build.0 = Debug|Any CPU
		{C41668E5-D134-4D04-B2A0-36519CCEDB9D}.Release|Any CPU.ActiveCfg = Release|Any CPU
		{C41668E5-D134-4D04-B2A0-36519CCEDB9D}.Release|Any CPU.Build.0 = Release|Any CPU
		{594539B9-28AF-49D1-B5CC-238DA0B95763}.Debug|Any CPU.ActiveCfg = Debug|Any CPU
		{594539B9-28AF-49D1-B5CC-238DA0B95763}.Debug|Any CPU.Build.0 = Debug|Any CPU
		{594539B9-28AF-49D1-B5CC-238DA0B95763}.Release|Any CPU.ActiveCfg = Release|Any CPU
		{594539B9-28AF-49D1-B5CC-238DA0B95763}.Release|Any CPU.Build.0 = Release|Any CPU
		{16B71376-95F8-4A4C-86EF-FAFD0F7F30A1}.Debug|Any CPU.ActiveCfg = Debug|Any CPU
		{16B71376-95F8-4A4C-86EF-FAFD0F7F30A1}.Debug|Any CPU.Build.0 = Debug|Any CPU
		{16B71376-95F8-4A4C-86EF-FAFD0F7F30A1}.Release|Any CPU.ActiveCfg = Release|Any CPU
		{16B71376-95F8-4A4C-86EF-FAFD0F7F30A1}.Release|Any CPU.Build.0 = Release|Any CPU
		{B300B236-92C2-4AC6-8F67-E76399FF0A1A}.Debug|Any CPU.ActiveCfg = Debug|Any CPU
		{B300B236-92C2-4AC6-8F67-E76399FF0A1A}.Debug|Any CPU.Build.0 = Debug|Any CPU
		{B300B236-92C2-4AC6-8F67-E76399FF0A1A}.Release|Any CPU.ActiveCfg = Release|Any CPU
		{B300B236-92C2-4AC6-8F67-E76399FF0A1A}.Release|Any CPU.Build.0 = Release|Any CPU
		{B85DFD9F-50BE-4375-9DCB-222F1EC0293F}.Debug|Any CPU.ActiveCfg = Debug|Any CPU
		{B85DFD9F-50BE-4375-9DCB-222F1EC0293F}.Debug|Any CPU.Build.0 = Debug|Any CPU
		{B85DFD9F-50BE-4375-9DCB-222F1EC0293F}.Release|Any CPU.ActiveCfg = Release|Any CPU
		{B85DFD9F-50BE-4375-9DCB-222F1EC0293F}.Release|Any CPU.Build.0 = Release|Any CPU
		{1C21D60E-9E34-4241-8396-85995DC0869F}.Debug|Any CPU.ActiveCfg = Debug|Any CPU
		{1C21D60E-9E34-4241-8396-85995DC0869F}.Debug|Any CPU.Build.0 = Debug|Any CPU
		{1C21D60E-9E34-4241-8396-85995DC0869F}.Release|Any CPU.ActiveCfg = Release|Any CPU
		{1C21D60E-9E34-4241-8396-85995DC0869F}.Release|Any CPU.Build.0 = Release|Any CPU
		{4BB0EE14-DB47-4771-8843-1C3621D8FCEC}.Debug|Any CPU.ActiveCfg = Debug|Any CPU
		{4BB0EE14-DB47-4771-8843-1C3621D8FCEC}.Debug|Any CPU.Build.0 = Debug|Any CPU
		{4BB0EE14-DB47-4771-8843-1C3621D8FCEC}.Release|Any CPU.ActiveCfg = Release|Any CPU
		{4BB0EE14-DB47-4771-8843-1C3621D8FCEC}.Release|Any CPU.Build.0 = Release|Any CPU
	EndGlobalSection
	GlobalSection(NestedProjects) = preSolution
		{2979966D-3828-41A3-929D-FE0B01AC6D70} = {378D0B74-BDAD-4357-8BB1-66AFE219838A}
		{57E87BEA-A622-4BC6-B777-A0CAFE3B8D94} = {C4F08399-7B34-4A58-A180-156B80F8B1F6}
		{CBC31C5E-631F-4824-839D-FCE5B3DEBD8A} = {378D0B74-BDAD-4357-8BB1-66AFE219838A}
		{DF0BEC24-7A63-470E-8CC9-E8A7B6763084} = {C4F08399-7B34-4A58-A180-156B80F8B1F6}
		{C41668E5-D134-4D04-B2A0-36519CCEDB9D} = {2979966D-3828-41A3-929D-FE0B01AC6D70}
		{594539B9-28AF-49D1-B5CC-238DA0B95763} = {DF0BEC24-7A63-470E-8CC9-E8A7B6763084}
		{16B71376-95F8-4A4C-86EF-FAFD0F7F30A1} = {DF0BEC24-7A63-470E-8CC9-E8A7B6763084}
		{B300B236-92C2-4AC6-8F67-E76399FF0A1A} = {2979966D-3828-41A3-929D-FE0B01AC6D70}
		{B85DFD9F-50BE-4375-9DCB-222F1EC0293F} = {CBC31C5E-631F-4824-839D-FCE5B3DEBD8A}
		{1C21D60E-9E34-4241-8396-85995DC0869F} = {57E87BEA-A622-4BC6-B777-A0CAFE3B8D94}
		{4BB0EE14-DB47-4771-8843-1C3621D8FCEC} = {57E87BEA-A622-4BC6-B777-A0CAFE3B8D94}
	EndGlobalSection
EndGlobal
