
Microsoft Visual Studio Solution File, Format Version 12.00
Project("{2150E333-8FDC-42A3-9474-1A3956D46DE8}") = "src", "src", "{378D0B74-BDAD-4357-8BB1-66AFE219838A}"
EndProject
Project("{2150E333-8FDC-42A3-9474-1A3956D46DE8}") = "test", "test", "{C4F08399-7B34-4A58-A180-156B80F8B1F6}"
EndProject
Project("{2150E333-8FDC-42A3-9474-1A3956D46DE8}") = "ShadowEngine", "ShadowEngine", "{2979966D-3828-41A3-929D-FE0B01AC6D70}"
EndProject
Project("{2150E333-8FDC-42A3-9474-1A3956D46DE8}") = "ShadowEngineTest", "ShadowEngineTest", "{57E87BEA-A622-4BC6-B777-A0CAFE3B8D94}"
EndProject
Project("{2150E333-8FDC-42A3-9474-1A3956D46DE8}") = "SourceVis", "SourceVis", "{CBC31C5E-631F-4824-839D-FCE5B3DEBD8A}"
EndProject
Project("{2150E333-8FDC-42A3-9474-1A3956D46DE8}") = "SourceVisTest", "SourceVisTest", "{DF0BEC24-7A63-470E-8CC9-E8A7B6763084}"
EndProject
Project("{FAE04EC0-301F-11D3-BF4B-00C04F79EFBC}") = "Analyzers.Tests", "test\SourceVisTest\Analyzers.Tests\Analyzers.Tests.csproj", "{A0C1A36D-4276-4640-9018-A454A3711846}"
EndProject
Project("{FAE04EC0-301F-11D3-BF4B-00C04F79EFBC}") = "SourceVisSpec", "test\SourceVisTest\SourceVisSpec\SourceVisSpec.csproj", "{55D7E0F0-AB57-432C-9830-9B60621FA4E1}"
EndProject
Project("{FAE04EC0-301F-11D3-BF4B-00C04F79EFBC}") = "SourceVisUnit", "test\SourceVisTest\SourceVisUnit\SourceVisUnit.csproj", "{7F6FBFBB-39EC-4CBD-B8CC-49D469EB7C06}"
EndProject
Project("{FAE04EC0-301F-11D3-BF4B-00C04F79EFBC}") = "ShadowSpecs", "test\ShadowEngineTest\ShadowSpec\ShadowSpecs.csproj", "{331033ED-7F54-4ED6-81B5-679894BF0B8B}"
EndProject
Project("{FAE04EC0-301F-11D3-BF4B-00C04F79EFBC}") = "ShadowTest", "test\ShadowEngineTest\ShadowTest\ShadowTest.csproj", "{0E7DAEF3-0996-4391-8AB7-8B154A8E576A}"
EndProject
Project("{FAE04EC0-301F-11D3-BF4B-00C04F79EFBC}") = "Analyzers", "src\SourceVis\Analyzers\Analyzers.csproj", "{48FAE47A-0A5E-493B-9974-3DF1F5D760EA}"
EndProject
Project("{FAE04EC0-301F-11D3-BF4B-00C04F79EFBC}") = "SourceVisCore", "src\SourceVis\SourceVisCore\SourceVisCore.csproj", "{F566AB5C-DA55-4BFA-B5C0-6E21938C8F9C}"
EndProject
Project("{FAE04EC0-301F-11D3-BF4B-00C04F79EFBC}") = "ShadowCore", "src\ShadowEngine\ShadowCore\ShadowCore.csproj", "{C41668E5-D134-4D04-B2A0-36519CCEDB9D}"
EndProject
Project("{FAE04EC0-301F-11D3-BF4B-00C04F79EFBC}") = "ShadowEngine", "src\ShadowEngine\ShadowEngineGUI\ShadowEngine.csproj", "{57B7E1FF-F838-456A-968E-6B7403A1CC24}"
EndProject
Global
	GlobalSection(SolutionConfigurationPlatforms) = preSolution
		Debug|Any CPU = Debug|Any CPU
		Release|Any CPU = Release|Any CPU
	EndGlobalSection
	GlobalSection(ProjectConfigurationPlatforms) = postSolution
		{A0C1A36D-4276-4640-9018-A454A3711846}.Debug|Any CPU.ActiveCfg = Debug|Any CPU
		{A0C1A36D-4276-4640-9018-A454A3711846}.Debug|Any CPU.Build.0 = Debug|Any CPU
		{A0C1A36D-4276-4640-9018-A454A3711846}.Release|Any CPU.ActiveCfg = Release|Any CPU
		{A0C1A36D-4276-4640-9018-A454A3711846}.Release|Any CPU.Build.0 = Release|Any CPU
		{55D7E0F0-AB57-432C-9830-9B60621FA4E1}.Debug|Any CPU.ActiveCfg = Debug|Any CPU
		{55D7E0F0-AB57-432C-9830-9B60621FA4E1}.Debug|Any CPU.Build.0 = Debug|Any CPU
		{55D7E0F0-AB57-432C-9830-9B60621FA4E1}.Release|Any CPU.ActiveCfg = Release|Any CPU
		{55D7E0F0-AB57-432C-9830-9B60621FA4E1}.Release|Any CPU.Build.0 = Release|Any CPU
		{7F6FBFBB-39EC-4CBD-B8CC-49D469EB7C06}.Debug|Any CPU.ActiveCfg = Debug|Any CPU
		{7F6FBFBB-39EC-4CBD-B8CC-49D469EB7C06}.Debug|Any CPU.Build.0 = Debug|Any CPU
		{7F6FBFBB-39EC-4CBD-B8CC-49D469EB7C06}.Release|Any CPU.ActiveCfg = Release|Any CPU
		{7F6FBFBB-39EC-4CBD-B8CC-49D469EB7C06}.Release|Any CPU.Build.0 = Release|Any CPU
		{331033ED-7F54-4ED6-81B5-679894BF0B8B}.Debug|Any CPU.ActiveCfg = Debug|Any CPU
		{331033ED-7F54-4ED6-81B5-679894BF0B8B}.Debug|Any CPU.Build.0 = Debug|Any CPU
		{331033ED-7F54-4ED6-81B5-679894BF0B8B}.Release|Any CPU.ActiveCfg = Release|Any CPU
		{331033ED-7F54-4ED6-81B5-679894BF0B8B}.Release|Any CPU.Build.0 = Release|Any CPU
		{0E7DAEF3-0996-4391-8AB7-8B154A8E576A}.Debug|Any CPU.ActiveCfg = Debug|Any CPU
		{0E7DAEF3-0996-4391-8AB7-8B154A8E576A}.Debug|Any CPU.Build.0 = Debug|Any CPU
		{0E7DAEF3-0996-4391-8AB7-8B154A8E576A}.Release|Any CPU.ActiveCfg = Release|Any CPU
		{0E7DAEF3-0996-4391-8AB7-8B154A8E576A}.Release|Any CPU.Build.0 = Release|Any CPU
		{48FAE47A-0A5E-493B-9974-3DF1F5D760EA}.Debug|Any CPU.ActiveCfg = Debug|Any CPU
		{48FAE47A-0A5E-493B-9974-3DF1F5D760EA}.Debug|Any CPU.Build.0 = Debug|Any CPU
		{48FAE47A-0A5E-493B-9974-3DF1F5D760EA}.Release|Any CPU.ActiveCfg = Release|Any CPU
		{48FAE47A-0A5E-493B-9974-3DF1F5D760EA}.Release|Any CPU.Build.0 = Release|Any CPU
		{F566AB5C-DA55-4BFA-B5C0-6E21938C8F9C}.Debug|Any CPU.ActiveCfg = Debug|Any CPU
		{F566AB5C-DA55-4BFA-B5C0-6E21938C8F9C}.Debug|Any CPU.Build.0 = Debug|Any CPU
		{F566AB5C-DA55-4BFA-B5C0-6E21938C8F9C}.Release|Any CPU.ActiveCfg = Release|Any CPU
		{F566AB5C-DA55-4BFA-B5C0-6E21938C8F9C}.Release|Any CPU.Build.0 = Release|Any CPU
		{C41668E5-D134-4D04-B2A0-36519CCEDB9D}.Debug|Any CPU.ActiveCfg = Debug|Any CPU
		{C41668E5-D134-4D04-B2A0-36519CCEDB9D}.Debug|Any CPU.Build.0 = Debug|Any CPU
		{C41668E5-D134-4D04-B2A0-36519CCEDB9D}.Release|Any CPU.ActiveCfg = Release|Any CPU
		{C41668E5-D134-4D04-B2A0-36519CCEDB9D}.Release|Any CPU.Build.0 = Release|Any CPU
		{57B7E1FF-F838-456A-968E-6B7403A1CC24}.Debug|Any CPU.ActiveCfg = Debug|Any CPU
		{57B7E1FF-F838-456A-968E-6B7403A1CC24}.Debug|Any CPU.Build.0 = Debug|Any CPU
		{57B7E1FF-F838-456A-968E-6B7403A1CC24}.Release|Any CPU.ActiveCfg = Release|Any CPU
		{57B7E1FF-F838-456A-968E-6B7403A1CC24}.Release|Any CPU.Build.0 = Release|Any CPU
	EndGlobalSection
	GlobalSection(NestedProjects) = preSolution
		{2979966D-3828-41A3-929D-FE0B01AC6D70} = {378D0B74-BDAD-4357-8BB1-66AFE219838A}
		{57E87BEA-A622-4BC6-B777-A0CAFE3B8D94} = {C4F08399-7B34-4A58-A180-156B80F8B1F6}
		{CBC31C5E-631F-4824-839D-FCE5B3DEBD8A} = {378D0B74-BDAD-4357-8BB1-66AFE219838A}
		{DF0BEC24-7A63-470E-8CC9-E8A7B6763084} = {C4F08399-7B34-4A58-A180-156B80F8B1F6}
		{A0C1A36D-4276-4640-9018-A454A3711846} = {DF0BEC24-7A63-470E-8CC9-E8A7B6763084}
		{55D7E0F0-AB57-432C-9830-9B60621FA4E1} = {DF0BEC24-7A63-470E-8CC9-E8A7B6763084}
		{7F6FBFBB-39EC-4CBD-B8CC-49D469EB7C06} = {DF0BEC24-7A63-470E-8CC9-E8A7B6763084}
		{331033ED-7F54-4ED6-81B5-679894BF0B8B} = {57E87BEA-A622-4BC6-B777-A0CAFE3B8D94}
		{0E7DAEF3-0996-4391-8AB7-8B154A8E576A} = {57E87BEA-A622-4BC6-B777-A0CAFE3B8D94}
		{48FAE47A-0A5E-493B-9974-3DF1F5D760EA} = {CBC31C5E-631F-4824-839D-FCE5B3DEBD8A}
		{F566AB5C-DA55-4BFA-B5C0-6E21938C8F9C} = {CBC31C5E-631F-4824-839D-FCE5B3DEBD8A}
		{C41668E5-D134-4D04-B2A0-36519CCEDB9D} = {2979966D-3828-41A3-929D-FE0B01AC6D70}
		{57B7E1FF-F838-456A-968E-6B7403A1CC24} = {2979966D-3828-41A3-929D-FE0B01AC6D70}
	EndGlobalSection
EndGlobal
